
Microsoft Visual Studio Solution File, Format Version 12.00
# Visual Studio Version 17
VisualStudioVersion = 17.5.33516.290
MinimumVisualStudioVersion = 10.0.40219.1
Project("{FAE04EC0-301F-11D3-BF4B-00C04F79EFBC}") = "EJERCICIO05", "EJERCICIO05\EJERCICIO05.csproj", "{66E0D6E6-2D17-4884-B7B2-16474A6F871F}"
EndProject
Global
	GlobalSection(SolutionConfigurationPlatforms) = preSolution
		Debug|Any CPU = Debug|Any CPU
		Release|Any CPU = Release|Any CPU
	EndGlobalSection
	GlobalSection(ProjectConfigurationPlatforms) = postSolution
		{66E0D6E6-2D17-4884-B7B2-16474A6F871F}.Debug|Any CPU.ActiveCfg = Debug|Any CPU
		{66E0D6E6-2D17-4884-B7B2-16474A6F871F}.Debug|Any CPU.Build.0 = Debug|Any CPU
		{66E0D6E6-2D17-4884-B7B2-16474A6F871F}.Release|Any CPU.ActiveCfg = Release|Any CPU
		{66E0D6E6-2D17-4884-B7B2-16474A6F871F}.Release|Any CPU.Build.0 = Release|Any CPU
	EndGlobalSection
	GlobalSection(SolutionProperties) = preSolution
		HideSolutionNode = FALSE
	EndGlobalSection
	GlobalSection(ExtensibilityGlobals) = postSolution
		SolutionGuid = {17A6CA50-CB03-445A-93A7-FC31C4487BA3}
	EndGlobalSection
EndGlobal
